{
  "requires": true,
  "lockfileVersion": 1,
  "dependencies": {
    "docker-lambda": {
      "version": "0.15.2",
      "resolved": "https://registry.npmjs.org/docker-lambda/-/docker-lambda-0.15.2.tgz",
      "integrity": "sha512-1js9iQjIOCUeuoK03ydpFI2Oh8Lf6AHJDbqobaHlfYPWNLXV2KHeFq0Juh6LKxAHyJHq5vBI1Kk6+tkjsYY2wQ=="
    }
  }
}
